
Microsoft Visual Studio Solution File, Format Version 12.00
# Visual Studio Version 17
VisualStudioVersion = 17.4.33122.133
MinimumVisualStudioVersion = 10.0.40219.1
Project("{FAE04EC0-301F-11D3-BF4B-00C04F79EFBC}") = "MetaLand", "MetaLand\MetaLand.csproj", "{D6DB6D8C-C1AD-4BAE-AFA8-6AA27F8CEE6D}"
EndProject
Global
	GlobalSection(SolutionConfigurationPlatforms) = preSolution
		Debug|Any CPU = Debug|Any CPU
		Release|Any CPU = Release|Any CPU
	EndGlobalSection
	GlobalSection(ProjectConfigurationPlatforms) = postSolution
		{D6DB6D8C-C1AD-4BAE-AFA8-6AA27F8CEE6D}.Debug|Any CPU.ActiveCfg = Debug|Any CPU
		{D6DB6D8C-C1AD-4BAE-AFA8-6AA27F8CEE6D}.Debug|Any CPU.Build.0 = Debug|Any CPU
		{D6DB6D8C-C1AD-4BAE-AFA8-6AA27F8CEE6D}.Release|Any CPU.ActiveCfg = Release|Any CPU
		{D6DB6D8C-C1AD-4BAE-AFA8-6AA27F8CEE6D}.Release|Any CPU.Build.0 = Release|Any CPU
	EndGlobalSection
	GlobalSection(SolutionProperties) = preSolution
		HideSolutionNode = FALSE
	EndGlobalSection
	GlobalSection(ExtensibilityGlobals) = postSolution
		SolutionGuid = {664472D0-386C-428A-B214-223B1BF90847}
	EndGlobalSection
EndGlobal
